
Microsoft Visual Studio Solution File, Format Version 12.00
# Visual Studio Version 17
VisualStudioVersion = 17.5.33424.131
MinimumVisualStudioVersion = 10.0.40219.1
Project("{FAE04EC0-301F-11D3-BF4B-00C04F79EFBC}") = "BooksApp", "BooksApp\BooksApp.csproj", "{5E166C77-BA52-46BE-829D-0F8FD2500E28}"
EndProject
Global
	GlobalSection(SolutionConfigurationPlatforms) = preSolution
		Debug|Any CPU = Debug|Any CPU
		Release|Any CPU = Release|Any CPU
	EndGlobalSection
	GlobalSection(ProjectConfigurationPlatforms) = postSolution
		{5E166C77-BA52-46BE-829D-0F8FD2500E28}.Debug|Any CPU.ActiveCfg = Debug|Any CPU
		{5E166C77-BA52-46BE-829D-0F8FD2500E28}.Debug|Any CPU.Build.0 = Debug|Any CPU
		{5E166C77-BA52-46BE-829D-0F8FD2500E28}.Release|Any CPU.ActiveCfg = Release|Any CPU
		{5E166C77-BA52-46BE-829D-0F8FD2500E28}.Release|Any CPU.Build.0 = Release|Any CPU
	EndGlobalSection
	GlobalSection(SolutionProperties) = preSolution
		HideSolutionNode = FALSE
	EndGlobalSection
	GlobalSection(ExtensibilityGlobals) = postSolution
		SolutionGuid = {564C2DFD-4128-453A-AD5A-E2D58C38A7CA}
	EndGlobalSection
EndGlobal
